{
  "version": "3",
  "remote": {
    "https://edge.netlify.com/": "ff84a16f192fdb43db8b9dff869889f555c05857d075044d2a7cfa54c283a0a0",
    "https://edge.netlify.com/bootstrap/config.ts": "0aa0a225d978b89e0e62cbd853701605199e7a84095e55eeb70147faf1a24803",
    "https://edge.netlify.com/bootstrap/context.ts": "f8392d0bfc4a345f0508157a9ed1a8b0ac832275e5ae6fe9301a8268fbfeb0b5",
    "https://edge.netlify.com/bootstrap/cookie.ts": "8b0baae708989ca183c6f3b4ab3d029e6abcbc2e43f93edeb0ff447b3bbc3a05",
    "https://edge.netlify.com/bootstrap/edge_function.ts": "b8253e86aa83c67341f5cfedeba5049d77fbf84dcab7eceff7566b7728ae9b39",
    "https://edge.netlify.com/bootstrap/globals.ts": "38f9e0be6c2c78206bf14d2387d41964d38bbe81644b3668e203c6f6473408a7"
  },
  "workspace": {
    "packageJson": {
      "dependencies": [
        "npm:@angular-builders/jest@^18.0.0",
        "npm:@angular-devkit/architect@^0.1800.7",
        "npm:@angular-devkit/build-angular@^17.3.4",
        "npm:@angular-devkit/core@^18.0.7",
        "npm:@angular/animations@^17.3.11",
        "npm:@angular/cli@^17.3.4",
        "npm:@angular/common@^17.3.0",
        "npm:@angular/compiler-cli@^17.3.0",
        "npm:@angular/compiler@^17.3.0",
        "npm:@angular/core@^17.3.0",
        "npm:@angular/fire@^18.0.1",
        "npm:@angular/forms@^17.3.0",
        "npm:@angular/platform-browser-dynamic@^17.3.0",
        "npm:@angular/platform-browser@^17.3.0",
        "npm:@angular/router@^17.3.0",
        "npm:@angular/service-worker@^18.0.6",
        "npm:@babel/core@^7.14.6",
        "npm:@babel/preset-env@^7.14.5",
        "npm:@firebase/app-compat@^0.2.36",
        "npm:@netlify-builder/deploy@^4.1.1",
        "npm:@types/bootstrap@^5.2.10",
        "npm:@types/jasmine@~5.1.0",
        "npm:@types/jest@^29.5.12",
        "npm:babel-loader@^8.2.2",
        "npm:bootstrap@^5.3.3",
        "npm:concurrently@^8.2.2",
        "npm:faunadb@^4.8.0",
        "npm:firebase-admin@^12.2.0",
        "npm:firebase@^10.12.3",
        "npm:gaxios@^6.7.0",
        "npm:googleapis@^140.0.1",
        "npm:jasmine-core@~5.1.0",
        "npm:jest-preset-angular@^14.1.1",
        "npm:jest@^29.7.0",
        "npm:karma-chrome-launcher@~3.2.0",
        "npm:karma-coverage@~2.2.0",
        "npm:karma-jasmine-html-reporter@~2.1.0",
        "npm:karma-jasmine@~5.1.0",
        "npm:karma@~6.4.0",
        "npm:netlify-lambda@^0.4.0",
        "npm:ngx-toastr@^19.0.0",
        "npm:nodemon@^2.0.15",
        "npm:rxjs@~7.8.0",
        "npm:ts-jest@^29.2.0",
        "npm:ts-node@^10.9.2",
        "npm:tslib@^2.3.0",
        "npm:typescript@~5.4.2",
        "npm:webpack-cli@^4.7.2",
        "npm:webpack-node-externals@^3.0.0",
        "npm:webpack@^5.38.1",
        "npm:zone.js@~0.14.3"
      ]
    }
  }
}
